
Microsoft Visual Studio Solution File, Format Version 12.00
# Visual Studio Version 17
VisualStudioVersion = 17.5.33209.295
MinimumVisualStudioVersion = 10.0.40219.1
Project("{FAE04EC0-301F-11D3-BF4B-00C04F79EFBC}") = "WordlistGenerator", "WordlistGenerator.csproj", "{D7B940F2-45B3-4573-8550-0E6155448828}"
EndProject
Global
	GlobalSection(SolutionConfigurationPlatforms) = preSolution
		Debug|Any CPU = Debug|Any CPU
		Release|Any CPU = Release|Any CPU
	EndGlobalSection
	GlobalSection(ProjectConfigurationPlatforms) = postSolution
		{D7B940F2-45B3-4573-8550-0E6155448828}.Debug|Any CPU.ActiveCfg = Debug|Any CPU
		{D7B940F2-45B3-4573-8550-0E6155448828}.Debug|Any CPU.Build.0 = Debug|Any CPU
		{D7B940F2-45B3-4573-8550-0E6155448828}.Release|Any CPU.ActiveCfg = Release|Any CPU
		{D7B940F2-45B3-4573-8550-0E6155448828}.Release|Any CPU.Build.0 = Release|Any CPU
	EndGlobalSection
	GlobalSection(SolutionProperties) = preSolution
		HideSolutionNode = FALSE
	EndGlobalSection
	GlobalSection(ExtensibilityGlobals) = postSolution
		SolutionGuid = {25D34A0C-7550-4117-ACE1-346DB9A25E12}
	EndGlobalSection
EndGlobal
